
Microsoft Visual Studio Solution File, Format Version 12.00
# Visual Studio 15
VisualStudioVersion = 15.0.28307.705
MinimumVisualStudioVersion = 10.0.40219.1
Project("{FAE04EC0-301F-11D3-BF4B-00C04F79EFBC}") = "WsTest01", "WsTest01\WsTest01.csproj", "{9C779338-A05D-472D-B7EA-3A34F48FBAF0}"
EndProject
Project("{9A19103F-16F7-4668-BE54-9A1E7A4F7556}") = "Unosquare.WiringPi", "..\wiringpi-dotnet\src\Unosquare.WiringPi\Unosquare.WiringPi.csproj", "{15D1541D-1291-44AB-9460-D2ECF1F3C8E5}"
EndProject
Global
	GlobalSection(SolutionConfigurationPlatforms) = preSolution
		Debug|Any CPU = Debug|Any CPU
		Release|Any CPU = Release|Any CPU
	EndGlobalSection
	GlobalSection(ProjectConfigurationPlatforms) = postSolution
		{9C779338-A05D-472D-B7EA-3A34F48FBAF0}.Debug|Any CPU.ActiveCfg = Debug|Any CPU
		{9C779338-A05D-472D-B7EA-3A34F48FBAF0}.Debug|Any CPU.Build.0 = Debug|Any CPU
		{9C779338-A05D-472D-B7EA-3A34F48FBAF0}.Release|Any CPU.ActiveCfg = Release|Any CPU
		{9C779338-A05D-472D-B7EA-3A34F48FBAF0}.Release|Any CPU.Build.0 = Release|Any CPU
		{15D1541D-1291-44AB-9460-D2ECF1F3C8E5}.Debug|Any CPU.ActiveCfg = Debug|Any CPU
		{15D1541D-1291-44AB-9460-D2ECF1F3C8E5}.Debug|Any CPU.Build.0 = Debug|Any CPU
		{15D1541D-1291-44AB-9460-D2ECF1F3C8E5}.Release|Any CPU.ActiveCfg = Release|Any CPU
		{15D1541D-1291-44AB-9460-D2ECF1F3C8E5}.Release|Any CPU.Build.0 = Release|Any CPU
	EndGlobalSection
	GlobalSection(SolutionProperties) = preSolution
		HideSolutionNode = FALSE
	EndGlobalSection
	GlobalSection(ExtensibilityGlobals) = postSolution
		SolutionGuid = {CF34CBE5-B308-4EC7-9998-5A2ECD4D8983}
	EndGlobalSection
EndGlobal
